# This file is automatically @generated by Cargo.
# It is not intended for manual editing.

version = 3

[[package]]
name = "sort"
version = "0.1.0"
source = "registry+https://github.com/rust-lang/crates.io-index"
checksum = "1574dd5abd7461dce5f6097adaa188cc9da6e27b508dfc3f2b5bb85a93ec3b20"

[[package]]
name = "sorting_library"
version = "0.1.0"
dependencies = [
 "sort",
]
